
Microsoft Visual Studio Solution File, Format Version 12.00
# Visual Studio Version 17
VisualStudioVersion = 17.13.35825.156 d17.13
MinimumVisualStudioVersion = 10.0.40219.1
Project("{8BC9CEB8-8B4A-11D0-8D11-00A0C91BC942}") = "Massive2", "Massive2.vcxproj", "{E8DC2505-70BE-44AF-B7C4-D3A57C1226D0}"
EndProject
Global
	GlobalSection(SolutionConfigurationPlatforms) = preSolution
		Debug|x64 = Debug|x64
		Debug|x86 = Debug|x86
		Release|x64 = Release|x64
		Release|x86 = Release|x86
	EndGlobalSection
	GlobalSection(ProjectConfigurationPlatforms) = postSolution
		{E8DC2505-70BE-44AF-B7C4-D3A57C1226D0}.Debug|x64.ActiveCfg = Debug|x64
		{E8DC2505-70BE-44AF-B7C4-D3A57C1226D0}.Debug|x64.Build.0 = Debug|x64
		{E8DC2505-70BE-44AF-B7C4-D3A57C1226D0}.Debug|x86.ActiveCfg = Debug|Win32
		{E8DC2505-70BE-44AF-B7C4-D3A57C1226D0}.Debug|x86.Build.0 = Debug|Win32
		{E8DC2505-70BE-44AF-B7C4-D3A57C1226D0}.Release|x64.ActiveCfg = Release|x64
		{E8DC2505-70BE-44AF-B7C4-D3A57C1226D0}.Release|x64.Build.0 = Release|x64
		{E8DC2505-70BE-44AF-B7C4-D3A57C1226D0}.Release|x86.ActiveCfg = Release|Win32
		{E8DC2505-70BE-44AF-B7C4-D3A57C1226D0}.Release|x86.Build.0 = Release|Win32
	EndGlobalSection
	GlobalSection(SolutionProperties) = preSolution
		HideSolutionNode = FALSE
	EndGlobalSection
	GlobalSection(ExtensibilityGlobals) = postSolution
		SolutionGuid = {9B1E123D-5A05-4681-B65D-7244703F326F}
	EndGlobalSection
EndGlobal
